
Microsoft Visual Studio Solution File, Format Version 12.00
# Visual Studio Version 17
VisualStudioVersion = 17.14.36811.4
MinimumVisualStudioVersion = 10.0.40219.1
Project("{FAE04EC0-301F-11D3-BF4B-00C04F79EFBC}") = "WpfKampaPlays", "WpfKampaPlays.csproj", "{5B95D217-D4A0-47A9-A180-EE2FD0260529}"
EndProject
Project("{FAE04EC0-301F-11D3-BF4B-00C04F79EFBC}") = "customUserControlPrj", "..\customUserControlPrj\customUserControlPrj.csproj", "{BFEB182E-F35E-8AE3-AD7D-D9F5DA98931F}"
EndProject
Project("{FAE04EC0-301F-11D3-BF4B-00C04F79EFBC}") = "tutorial4", "..\tutorial4\tutorial4.csproj", "{4941E9F4-5C53-E55D-5B59-9D196084C1C5}"
EndProject
Project("{FAE04EC0-301F-11D3-BF4B-00C04F79EFBC}") = "databindingsss", "..\databindingsss\databindingsss.csproj", "{F77FE782-6833-A23A-FA05-783BD764E6BE}"
EndProject
Project("{FAE04EC0-301F-11D3-BF4B-00C04F79EFBC}") = "dialogeboxprj", "..\dialogeboxprj\dialogeboxprj.csproj", "{7BB545DA-EF3A-ACFD-47D1-66120CB31325}"
EndProject
Project("{FAE04EC0-301F-11D3-BF4B-00C04F79EFBC}") = "fileDialogPrj", "..\fileDialogPrj\fileDialogPrj.csproj", "{E695219F-594A-4102-97AF-77844F05CA0C}"
EndProject
Global
	GlobalSection(SolutionConfigurationPlatforms) = preSolution
		Debug|Any CPU = Debug|Any CPU
		Release|Any CPU = Release|Any CPU
	EndGlobalSection
	GlobalSection(ProjectConfigurationPlatforms) = postSolution
		{5B95D217-D4A0-47A9-A180-EE2FD0260529}.Debug|Any CPU.ActiveCfg = Debug|Any CPU
		{5B95D217-D4A0-47A9-A180-EE2FD0260529}.Debug|Any CPU.Build.0 = Debug|Any CPU
		{5B95D217-D4A0-47A9-A180-EE2FD0260529}.Release|Any CPU.ActiveCfg = Release|Any CPU
		{5B95D217-D4A0-47A9-A180-EE2FD0260529}.Release|Any CPU.Build.0 = Release|Any CPU
		{BFEB182E-F35E-8AE3-AD7D-D9F5DA98931F}.Debug|Any CPU.ActiveCfg = Debug|Any CPU
		{BFEB182E-F35E-8AE3-AD7D-D9F5DA98931F}.Debug|Any CPU.Build.0 = Debug|Any CPU
		{BFEB182E-F35E-8AE3-AD7D-D9F5DA98931F}.Release|Any CPU.ActiveCfg = Release|Any CPU
		{BFEB182E-F35E-8AE3-AD7D-D9F5DA98931F}.Release|Any CPU.Build.0 = Release|Any CPU
		{4941E9F4-5C53-E55D-5B59-9D196084C1C5}.Debug|Any CPU.ActiveCfg = Debug|Any CPU
		{4941E9F4-5C53-E55D-5B59-9D196084C1C5}.Debug|Any CPU.Build.0 = Debug|Any CPU
		{4941E9F4-5C53-E55D-5B59-9D196084C1C5}.Release|Any CPU.ActiveCfg = Release|Any CPU
		{4941E9F4-5C53-E55D-5B59-9D196084C1C5}.Release|Any CPU.Build.0 = Release|Any CPU
		{F77FE782-6833-A23A-FA05-783BD764E6BE}.Debug|Any CPU.ActiveCfg = Debug|Any CPU
		{F77FE782-6833-A23A-FA05-783BD764E6BE}.Debug|Any CPU.Build.0 = Debug|Any CPU
		{F77FE782-6833-A23A-FA05-783BD764E6BE}.Release|Any CPU.ActiveCfg = Release|Any CPU
		{F77FE782-6833-A23A-FA05-783BD764E6BE}.Release|Any CPU.Build.0 = Release|Any CPU
		{7BB545DA-EF3A-ACFD-47D1-66120CB31325}.Debug|Any CPU.ActiveCfg = Debug|Any CPU
		{7BB545DA-EF3A-ACFD-47D1-66120CB31325}.Debug|Any CPU.Build.0 = Debug|Any CPU
		{7BB545DA-EF3A-ACFD-47D1-66120CB31325}.Release|Any CPU.ActiveCfg = Release|Any CPU
		{7BB545DA-EF3A-ACFD-47D1-66120CB31325}.Release|Any CPU.Build.0 = Release|Any CPU
		{E695219F-594A-4102-97AF-77844F05CA0C}.Debug|Any CPU.ActiveCfg = Debug|Any CPU
		{E695219F-594A-4102-97AF-77844F05CA0C}.Debug|Any CPU.Build.0 = Debug|Any CPU
		{E695219F-594A-4102-97AF-77844F05CA0C}.Release|Any CPU.ActiveCfg = Release|Any CPU
		{E695219F-594A-4102-97AF-77844F05CA0C}.Release|Any CPU.Build.0 = Release|Any CPU
	EndGlobalSection
	GlobalSection(SolutionProperties) = preSolution
		HideSolutionNode = FALSE
	EndGlobalSection
	GlobalSection(ExtensibilityGlobals) = postSolution
		SolutionGuid = {C3909695-8958-4D9F-9647-D10CE47081EF}
	EndGlobalSection
EndGlobal
